
Microsoft Visual Studio Solution File, Format Version 12.00
# Visual Studio Version 17
VisualStudioVersion = 17.0.31903.59
MinimumVisualStudioVersion = 10.0.40219.1
Project("{FAE04EC0-301F-11D3-BF4B-00C04F79EFBC}") = "TestMaster.Domain", "TestMaster.Domain\TestMaster.Domain.csproj", "{B0E89A25-0FC0-4442-9828-616189B6B078}"
EndProject
Project("{FAE04EC0-301F-11D3-BF4B-00C04F79EFBC}") = "TestMaster.Application", "TestMaster.Application\TestMaster.Application.csproj", "{3AD6B257-C7FB-46ED-B786-B5966FE03728}"
EndProject
Project("{FAE04EC0-301F-11D3-BF4B-00C04F79EFBC}") = "TestMaster.Infrastructure", "TestMaster.Infrastructure\TestMaster.Infrastructure.csproj", "{9DA8D12C-ACB4-4EF6-8451-21F6C8A777B6}"
EndProject
Project("{FAE04EC0-301F-11D3-BF4B-00C04F79EFBC}") = "TestMaster.Wpf", "TestMaster.Wpf\TestMaster.Wpf.csproj", "{819FCA13-E268-4959-ADA7-C14B55D0A44D}"
EndProject
Global
	GlobalSection(SolutionConfigurationPlatforms) = preSolution
		Debug|Any CPU = Debug|Any CPU
		Release|Any CPU = Release|Any CPU
	EndGlobalSection
	GlobalSection(SolutionProperties) = preSolution
		HideSolutionNode = FALSE
	EndGlobalSection
	GlobalSection(ProjectConfigurationPlatforms) = postSolution
		{B0E89A25-0FC0-4442-9828-616189B6B078}.Debug|Any CPU.ActiveCfg = Debug|Any CPU
		{B0E89A25-0FC0-4442-9828-616189B6B078}.Debug|Any CPU.Build.0 = Debug|Any CPU
		{B0E89A25-0FC0-4442-9828-616189B6B078}.Release|Any CPU.ActiveCfg = Release|Any CPU
		{B0E89A25-0FC0-4442-9828-616189B6B078}.Release|Any CPU.Build.0 = Release|Any CPU
		{3AD6B257-C7FB-46ED-B786-B5966FE03728}.Debug|Any CPU.ActiveCfg = Debug|Any CPU
		{3AD6B257-C7FB-46ED-B786-B5966FE03728}.Debug|Any CPU.Build.0 = Debug|Any CPU
		{3AD6B257-C7FB-46ED-B786-B5966FE03728}.Release|Any CPU.ActiveCfg = Release|Any CPU
		{3AD6B257-C7FB-46ED-B786-B5966FE03728}.Release|Any CPU.Build.0 = Release|Any CPU
		{9DA8D12C-ACB4-4EF6-8451-21F6C8A777B6}.Debug|Any CPU.ActiveCfg = Debug|Any CPU
		{9DA8D12C-ACB4-4EF6-8451-21F6C8A777B6}.Debug|Any CPU.Build.0 = Debug|Any CPU
		{9DA8D12C-ACB4-4EF6-8451-21F6C8A777B6}.Release|Any CPU.ActiveCfg = Release|Any CPU
		{9DA8D12C-ACB4-4EF6-8451-21F6C8A777B6}.Release|Any CPU.Build.0 = Release|Any CPU
		{819FCA13-E268-4959-ADA7-C14B55D0A44D}.Debug|Any CPU.ActiveCfg = Debug|Any CPU
		{819FCA13-E268-4959-ADA7-C14B55D0A44D}.Debug|Any CPU.Build.0 = Debug|Any CPU
		{819FCA13-E268-4959-ADA7-C14B55D0A44D}.Release|Any CPU.ActiveCfg = Release|Any CPU
		{819FCA13-E268-4959-ADA7-C14B55D0A44D}.Release|Any CPU.Build.0 = Release|Any CPU
	EndGlobalSection
EndGlobal
